
Microsoft Visual Studio Solution File, Format Version 12.00
# Visual Studio Version 17
VisualStudioVersion = 17.2.32602.215
MinimumVisualStudioVersion = 10.0.40219.1
Project("{FAE04EC0-301F-11D3-BF4B-00C04F79EFBC}") = "LightController", "LightController\LightController.csproj", "{C56D5B8C-E426-487B-A175-85C4D62DF7FB}"
EndProject
Project("{FAE04EC0-301F-11D3-BF4B-00C04F79EFBC}") = "LightController.Tests", "LightController.Tests\LightController.Tests.csproj", "{94BB6E9C-C141-44E2-BA80-7D9E5EAFD3A4}"
EndProject
Global
	GlobalSection(SolutionConfigurationPlatforms) = preSolution
		Debug|Any CPU = Debug|Any CPU
		Release|Any CPU = Release|Any CPU
	EndGlobalSection
	GlobalSection(ProjectConfigurationPlatforms) = postSolution
		{C56D5B8C-E426-487B-A175-85C4D62DF7FB}.Debug|Any CPU.ActiveCfg = Debug|Any CPU
		{C56D5B8C-E426-487B-A175-85C4D62DF7FB}.Debug|Any CPU.Build.0 = Debug|Any CPU
		{C56D5B8C-E426-487B-A175-85C4D62DF7FB}.Release|Any CPU.ActiveCfg = Release|Any CPU
		{C56D5B8C-E426-487B-A175-85C4D62DF7FB}.Release|Any CPU.Build.0 = Release|Any CPU
		{94BB6E9C-C141-44E2-BA80-7D9E5EAFD3A4}.Debug|Any CPU.ActiveCfg = Debug|Any CPU
		{94BB6E9C-C141-44E2-BA80-7D9E5EAFD3A4}.Debug|Any CPU.Build.0 = Debug|Any CPU
		{94BB6E9C-C141-44E2-BA80-7D9E5EAFD3A4}.Release|Any CPU.ActiveCfg = Release|Any CPU
		{94BB6E9C-C141-44E2-BA80-7D9E5EAFD3A4}.Release|Any CPU.Build.0 = Release|Any CPU
	EndGlobalSection
	GlobalSection(SolutionProperties) = preSolution
		HideSolutionNode = FALSE
	EndGlobalSection
	GlobalSection(ExtensibilityGlobals) = postSolution
		SolutionGuid = {E089A943-4B14-42DB-882F-F5066DAFACB1}
	EndGlobalSection
EndGlobal
